
Microsoft Visual Studio Solution File, Format Version 10.00
# Visual C# Express 2008
Project("{FAE04EC0-301F-11D3-BF4B-00C04F79EFBC}") = "LevantarDatosSQL", "LevantarDatosSQL\LevantarDatosSQL.csproj", "{F8DB5E4C-22E9-44E9-A7D6-6811894DFC64}"
EndProject
Global
	GlobalSection(SolutionConfigurationPlatforms) = preSolution
		Debug|Any CPU = Debug|Any CPU
		Release|Any CPU = Release|Any CPU
	EndGlobalSection
	GlobalSection(ProjectConfigurationPlatforms) = postSolution
		{F8DB5E4C-22E9-44E9-A7D6-6811894DFC64}.Debug|Any CPU.ActiveCfg = Debug|Any CPU
		{F8DB5E4C-22E9-44E9-A7D6-6811894DFC64}.Debug|Any CPU.Build.0 = Debug|Any CPU
		{F8DB5E4C-22E9-44E9-A7D6-6811894DFC64}.Release|Any CPU.ActiveCfg = Release|Any CPU
		{F8DB5E4C-22E9-44E9-A7D6-6811894DFC64}.Release|Any CPU.Build.0 = Release|Any CPU
	EndGlobalSection
	GlobalSection(SolutionProperties) = preSolution
		HideSolutionNode = FALSE
	EndGlobalSection
EndGlobal
